
Microsoft Visual Studio Solution File, Format Version 12.00
# Visual Studio 14
VisualStudioVersion = 14.0.25420.1
MinimumVisualStudioVersion = 10.0.40219.1
Project("{FAE04EC0-301F-11D3-BF4B-00C04F79EFBC}") = "CarApplication", "CarApplication\CarApplication.csproj", "{90741F69-63FA-4980-A598-BDA498573ECF}"
EndProject
Project("{FAE04EC0-301F-11D3-BF4B-00C04F79EFBC}") = "HeaterApplicationTeht01", "HeaterApplicationTeht01\HeaterApplicationTeht01.csproj", "{53EA966C-01F9-4D72-8812-768A4A68C578}"
EndProject
Project("{FAE04EC0-301F-11D3-BF4B-00C04F79EFBC}") = "WasherApplicationTeht02", "WasherApplicationTeht02\WasherApplicationTeht02.csproj", "{72F70A10-7129-49CF-924C-5D9AA1BE25DF}"
EndProject
Project("{FAE04EC0-301F-11D3-BF4B-00C04F79EFBC}") = "Teht03", "Teht03\Teht03.csproj", "{319E69F0-7587-4A1C-BF57-06CDDC3F07BC}"
EndProject
Project("{FAE04EC0-301F-11D3-BF4B-00C04F79EFBC}") = "teht04", "teht04\teht04.csproj", "{F0871AEB-E293-4F5F-9E78-585497B37F62}"
EndProject
Project("{FAE04EC0-301F-11D3-BF4B-00C04F79EFBC}") = "teht05", "teht05\teht05.csproj", "{9A882C6A-95A7-455B-8D62-0F12BAEA66F8}"
EndProject
Global
	GlobalSection(SolutionConfigurationPlatforms) = preSolution
		Debug|Any CPU = Debug|Any CPU
		Release|Any CPU = Release|Any CPU
	EndGlobalSection
	GlobalSection(ProjectConfigurationPlatforms) = postSolution
		{90741F69-63FA-4980-A598-BDA498573ECF}.Debug|Any CPU.ActiveCfg = Debug|Any CPU
		{90741F69-63FA-4980-A598-BDA498573ECF}.Debug|Any CPU.Build.0 = Debug|Any CPU
		{90741F69-63FA-4980-A598-BDA498573ECF}.Release|Any CPU.ActiveCfg = Release|Any CPU
		{90741F69-63FA-4980-A598-BDA498573ECF}.Release|Any CPU.Build.0 = Release|Any CPU
		{53EA966C-01F9-4D72-8812-768A4A68C578}.Debug|Any CPU.ActiveCfg = Debug|Any CPU
		{53EA966C-01F9-4D72-8812-768A4A68C578}.Debug|Any CPU.Build.0 = Debug|Any CPU
		{53EA966C-01F9-4D72-8812-768A4A68C578}.Release|Any CPU.ActiveCfg = Release|Any CPU
		{53EA966C-01F9-4D72-8812-768A4A68C578}.Release|Any CPU.Build.0 = Release|Any CPU
		{72F70A10-7129-49CF-924C-5D9AA1BE25DF}.Debug|Any CPU.ActiveCfg = Debug|Any CPU
		{72F70A10-7129-49CF-924C-5D9AA1BE25DF}.Debug|Any CPU.Build.0 = Debug|Any CPU
		{72F70A10-7129-49CF-924C-5D9AA1BE25DF}.Release|Any CPU.ActiveCfg = Release|Any CPU
		{72F70A10-7129-49CF-924C-5D9AA1BE25DF}.Release|Any CPU.Build.0 = Release|Any CPU
		{319E69F0-7587-4A1C-BF57-06CDDC3F07BC}.Debug|Any CPU.ActiveCfg = Debug|Any CPU
		{319E69F0-7587-4A1C-BF57-06CDDC3F07BC}.Debug|Any CPU.Build.0 = Debug|Any CPU
		{319E69F0-7587-4A1C-BF57-06CDDC3F07BC}.Release|Any CPU.ActiveCfg = Release|Any CPU
		{319E69F0-7587-4A1C-BF57-06CDDC3F07BC}.Release|Any CPU.Build.0 = Release|Any CPU
		{F0871AEB-E293-4F5F-9E78-585497B37F62}.Debug|Any CPU.ActiveCfg = Debug|Any CPU
		{F0871AEB-E293-4F5F-9E78-585497B37F62}.Debug|Any CPU.Build.0 = Debug|Any CPU
		{F0871AEB-E293-4F5F-9E78-585497B37F62}.Release|Any CPU.ActiveCfg = Release|Any CPU
		{F0871AEB-E293-4F5F-9E78-585497B37F62}.Release|Any CPU.Build.0 = Release|Any CPU
		{9A882C6A-95A7-455B-8D62-0F12BAEA66F8}.Debug|Any CPU.ActiveCfg = Debug|Any CPU
		{9A882C6A-95A7-455B-8D62-0F12BAEA66F8}.Debug|Any CPU.Build.0 = Debug|Any CPU
		{9A882C6A-95A7-455B-8D62-0F12BAEA66F8}.Release|Any CPU.ActiveCfg = Release|Any CPU
		{9A882C6A-95A7-455B-8D62-0F12BAEA66F8}.Release|Any CPU.Build.0 = Release|Any CPU
	EndGlobalSection
	GlobalSection(SolutionProperties) = preSolution
		HideSolutionNode = FALSE
	EndGlobalSection
EndGlobal
